
Microsoft Visual Studio Solution File, Format Version 12.00
# Visual Studio 14
VisualStudioVersion = 14.0.25123.0
MinimumVisualStudioVersion = 10.0.40219.1
Project("{FAE04EC0-301F-11D3-BF4B-00C04F79EFBC}") = "MVCSandbox", "MVCSandbox\MVCSandbox.csproj", "{71C1CA6D-9DCA-4E1F-85CC-98B7F426B70E}"
EndProject
Project("{FAE04EC0-301F-11D3-BF4B-00C04F79EFBC}") = "MVCSandbox.Tests", "MVCSandbox.Tests\MVCSandbox.Tests.csproj", "{7D76E4D6-F9FB-4761-8F92-15EC1901BAA8}"
EndProject
Global
	GlobalSection(SolutionConfigurationPlatforms) = preSolution
		Debug|Any CPU = Debug|Any CPU
		Release|Any CPU = Release|Any CPU
	EndGlobalSection
	GlobalSection(ProjectConfigurationPlatforms) = postSolution
		{71C1CA6D-9DCA-4E1F-85CC-98B7F426B70E}.Debug|Any CPU.ActiveCfg = Debug|Any CPU
		{71C1CA6D-9DCA-4E1F-85CC-98B7F426B70E}.Debug|Any CPU.Build.0 = Debug|Any CPU
		{71C1CA6D-9DCA-4E1F-85CC-98B7F426B70E}.Release|Any CPU.ActiveCfg = Release|Any CPU
		{71C1CA6D-9DCA-4E1F-85CC-98B7F426B70E}.Release|Any CPU.Build.0 = Release|Any CPU
		{7D76E4D6-F9FB-4761-8F92-15EC1901BAA8}.Debug|Any CPU.ActiveCfg = Debug|Any CPU
		{7D76E4D6-F9FB-4761-8F92-15EC1901BAA8}.Debug|Any CPU.Build.0 = Debug|Any CPU
		{7D76E4D6-F9FB-4761-8F92-15EC1901BAA8}.Release|Any CPU.ActiveCfg = Release|Any CPU
		{7D76E4D6-F9FB-4761-8F92-15EC1901BAA8}.Release|Any CPU.Build.0 = Release|Any CPU
	EndGlobalSection
	GlobalSection(SolutionProperties) = preSolution
		HideSolutionNode = FALSE
	EndGlobalSection
EndGlobal
